
Microsoft Visual Studio Solution File, Format Version 12.00
# Visual Studio 15
VisualStudioVersion = 15.0.28010.0
MinimumVisualStudioVersion = 10.0.40219.1
Project("{e53d3a7e-77cb-4739-82c7-e80a1e951a4c}") = "AdvancedPNGExport_legacy", "AdvancedPNGExport\AdvancedPNGExport.csproj", "{ccb389db-c50d-448b-a3f3-93e18317583e}"
EndProject
Global
	GlobalSection(SolutionConfigurationPlatforms) = preSolution
		Debug|Any CPU = Debug|Any CPU
		Release|Any CPU = Release|Any CPU
	EndGlobalSection
	GlobalSection(ProjectConfigurationPlatforms) = postSolution
		{ccb389db-c50d-448b-a3f3-93e18317583e}.Debug|Any CPU.ActiveCfg = Debug|Any CPU
		{ccb389db-c50d-448b-a3f3-93e18317583e}.Debug|Any CPU.Build.0 = Debug|Any CPU
		{ccb389db-c50d-448b-a3f3-93e18317583e}.Release|Any CPU.ActiveCfg = Release|Any CPU
		{ccb389db-c50d-448b-a3f3-93e18317583e}.Release|Any CPU.Build.0 = Release|Any CPU
	EndGlobalSection
	GlobalSection(SolutionProperties) = preSolution
		HideSolutionNode = FALSE
	EndGlobalSection
	GlobalSection(ExtensibilityGlobals) = postSolution
		SolutionGuid = {33c9f9b4-4089-47e8-a799-52988a703d7a}
	EndGlobalSection
EndGlobal
